
Microsoft Visual Studio Solution File, Format Version 12.00
# Visual Studio Version 16
VisualStudioVersion = 16.0.29503.13
MinimumVisualStudioVersion = 10.0.40219.1
Project("{FAE04EC0-301F-11D3-BF4B-00C04F79EFBC}") = "TasOyunu", "TasOyunu.csproj", "{D24023D3-5D8D-40A8-B02E-916232C36830}"
EndProject
Global
	GlobalSection(SolutionConfigurationPlatforms) = preSolution
		Debug|Any CPU = Debug|Any CPU
		Release|Any CPU = Release|Any CPU
	EndGlobalSection
	GlobalSection(ProjectConfigurationPlatforms) = postSolution
		{D24023D3-5D8D-40A8-B02E-916232C36830}.Debug|Any CPU.ActiveCfg = Debug|Any CPU
		{D24023D3-5D8D-40A8-B02E-916232C36830}.Debug|Any CPU.Build.0 = Debug|Any CPU
		{D24023D3-5D8D-40A8-B02E-916232C36830}.Release|Any CPU.ActiveCfg = Release|Any CPU
		{D24023D3-5D8D-40A8-B02E-916232C36830}.Release|Any CPU.Build.0 = Release|Any CPU
	EndGlobalSection
	GlobalSection(SolutionProperties) = preSolution
		HideSolutionNode = FALSE
	EndGlobalSection
	GlobalSection(ExtensibilityGlobals) = postSolution
		SolutionGuid = {0E0F075F-ABC1-4083-BCF0-D518ADFDD4DF}
	EndGlobalSection
EndGlobal
